
Microsoft Visual Studio Solution File, Format Version 12.00
# Visual Studio Version 17
VisualStudioVersion = 17.10.34928.147
MinimumVisualStudioVersion = 10.0.40219.1
Project("{9A19103F-16F7-4668-BE54-9A1E7A4F7556}") = "EnergyMonitoringAPI", "EnergyMonitoringAPI.csproj", "{99B7BA4C-0812-417D-8837-9DD501DA2F43}"
EndProject
Global
	GlobalSection(SolutionConfigurationPlatforms) = preSolution
		Debug|Any CPU = Debug|Any CPU
		Release|Any CPU = Release|Any CPU
	EndGlobalSection
	GlobalSection(ProjectConfigurationPlatforms) = postSolution
		{99B7BA4C-0812-417D-8837-9DD501DA2F43}.Debug|Any CPU.ActiveCfg = Debug|Any CPU
		{99B7BA4C-0812-417D-8837-9DD501DA2F43}.Debug|Any CPU.Build.0 = Debug|Any CPU
		{99B7BA4C-0812-417D-8837-9DD501DA2F43}.Release|Any CPU.ActiveCfg = Release|Any CPU
		{99B7BA4C-0812-417D-8837-9DD501DA2F43}.Release|Any CPU.Build.0 = Release|Any CPU
	EndGlobalSection
	GlobalSection(SolutionProperties) = preSolution
		HideSolutionNode = FALSE
	EndGlobalSection
	GlobalSection(ExtensibilityGlobals) = postSolution
		SolutionGuid = {67DADA42-9000-4588-9143-7D743A2D2636}
	EndGlobalSection
EndGlobal
